
Microsoft Visual Studio Solution File, Format Version 12.00
# Visual Studio Version 17
VisualStudioVersion = 17.13.35806.99
MinimumVisualStudioVersion = 10.0.40219.1
Project("{FAE04EC0-301F-11D3-BF4B-00C04F79EFBC}") = "CalculatorCSharp", "CalculatorCSharp\CalculatorCSharp.csproj", "{BAE7A1A0-3240-443F-A5C2-546DEF853D01}"
EndProject
Project("{FAE04EC0-301F-11D3-BF4B-00C04F79EFBC}") = "ToDoListCSharp", "ToDoListCSharp\ToDoListCSharp.csproj", "{731FBFDB-4BDB-4359-B574-252EA84118E3}"
EndProject
Project("{FAE04EC0-301F-11D3-BF4B-00C04F79EFBC}") = "ContactManager", "ContactManager\ContactManager.csproj", "{231040E2-282F-4486-93F2-EF9CDD146B9A}"
EndProject
Project("{FAE04EC0-301F-11D3-BF4B-00C04F79EFBC}") = "GuessTheNumberGame", "GuessTheNumberGame\GuessTheNumberGame.csproj", "{D402E496-5429-48CE-9791-235E556AA26D}"
EndProject
Global
	GlobalSection(SolutionConfigurationPlatforms) = preSolution
		Debug|Any CPU = Debug|Any CPU
		Release|Any CPU = Release|Any CPU
	EndGlobalSection
	GlobalSection(ProjectConfigurationPlatforms) = postSolution
		{BAE7A1A0-3240-443F-A5C2-546DEF853D01}.Debug|Any CPU.ActiveCfg = Debug|Any CPU
		{BAE7A1A0-3240-443F-A5C2-546DEF853D01}.Debug|Any CPU.Build.0 = Debug|Any CPU
		{BAE7A1A0-3240-443F-A5C2-546DEF853D01}.Release|Any CPU.ActiveCfg = Release|Any CPU
		{BAE7A1A0-3240-443F-A5C2-546DEF853D01}.Release|Any CPU.Build.0 = Release|Any CPU
		{731FBFDB-4BDB-4359-B574-252EA84118E3}.Debug|Any CPU.ActiveCfg = Debug|Any CPU
		{731FBFDB-4BDB-4359-B574-252EA84118E3}.Debug|Any CPU.Build.0 = Debug|Any CPU
		{731FBFDB-4BDB-4359-B574-252EA84118E3}.Release|Any CPU.ActiveCfg = Release|Any CPU
		{731FBFDB-4BDB-4359-B574-252EA84118E3}.Release|Any CPU.Build.0 = Release|Any CPU
		{231040E2-282F-4486-93F2-EF9CDD146B9A}.Debug|Any CPU.ActiveCfg = Debug|Any CPU
		{231040E2-282F-4486-93F2-EF9CDD146B9A}.Debug|Any CPU.Build.0 = Debug|Any CPU
		{231040E2-282F-4486-93F2-EF9CDD146B9A}.Release|Any CPU.ActiveCfg = Release|Any CPU
		{231040E2-282F-4486-93F2-EF9CDD146B9A}.Release|Any CPU.Build.0 = Release|Any CPU
		{D402E496-5429-48CE-9791-235E556AA26D}.Debug|Any CPU.ActiveCfg = Debug|Any CPU
		{D402E496-5429-48CE-9791-235E556AA26D}.Debug|Any CPU.Build.0 = Debug|Any CPU
		{D402E496-5429-48CE-9791-235E556AA26D}.Release|Any CPU.ActiveCfg = Release|Any CPU
		{D402E496-5429-48CE-9791-235E556AA26D}.Release|Any CPU.Build.0 = Release|Any CPU
	EndGlobalSection
	GlobalSection(SolutionProperties) = preSolution
		HideSolutionNode = FALSE
	EndGlobalSection
	GlobalSection(ExtensibilityGlobals) = postSolution
		SolutionGuid = {26B66CFB-5F48-4D82-A5C5-4F84BC6250F1}
	EndGlobalSection
EndGlobal
